Microsoft Visual Studio Solution File, Format Version 12.00
# Visual Studio 2013
VisualStudioVersion = 12.0.30723.0
MinimumVisualStudioVersion = 10.0.40219.1
Project("{FAE04EC0-301F-11D3-BF4B-00C04F79EFBC}") = "WindowsFormsApplication313", "WindowsFormsApplication313\WindowsFormsApplication313.csproj", "{79E3BF91-7917-49B7-8721-2E840E300DEE}"
EndProject
Global
	GlobalSection(SolutionConfigurationPlatforms) = preSolution
		Debug|Any CPU = Debug|Any CPU
		Release|Any CPU = Release|Any CPU
	EndGlobalSection
	GlobalSection(ProjectConfigurationPlatforms) = postSolution
		{79E3BF91-7917-49B7-8721-2E840E300DEE}.Debug|Any CPU.ActiveCfg = Debug|Any CPU
		{79E3BF91-7917-49B7-8721-2E840E300DEE}.Debug|Any CPU.Build.0 = Debug|Any CPU
		{79E3BF91-7917-49B7-8721-2E840E300DEE}.Release|Any CPU.ActiveCfg = Release|Any CPU
		{79E3BF91-7917-49B7-8721-2E840E300DEE}.Release|Any CPU.Build.0 = Release|Any CPU
	EndGlobalSection
	GlobalSection(SolutionProperties) = preSolution
		HideSolutionNode = FALSE
	EndGlobalSection
EndGlobal
